
Microsoft Visual Studio Solution File, Format Version 12.00
# Visual Studio 14
VisualStudioVersion = 14.0.25420.1
MinimumVisualStudioVersion = 10.0.40219.1
Project("{FAE04EC0-301F-11D3-BF4B-00C04F79EFBC}") = "HelloUWP", "HelloUWP\HelloUWP.csproj", "{37F7633E-71A8-4262-8FB1-66BC85C81451}"
EndProject
Project("{FAE04EC0-301F-11D3-BF4B-00C04F79EFBC}") = "LaudableLayoutChallenge", "LaudableLayoutChallenge\LaudableLayoutChallenge.csproj", "{E75F074E-4607-4307-BE15-887E5915FE67}"
EndProject
Project("{FAE04EC0-301F-11D3-BF4B-00C04F79EFBC}") = "LegendaryLayoutChallenge", "LegendaryLayoutChallenge\LegendaryLayoutChallenge.csproj", "{B6114528-F713-491D-95B7-DCB8D8C10CE4}"
EndProject
Project("{FAE04EC0-301F-11D3-BF4B-00C04F79EFBC}") = "LaboriousLayoutChallenge", "LaboriousLayoutChallenge\LaboriousLayoutChallenge.csproj", "{22FCEC67-BAD3-459E-B3D1-5A71F4C10BEC}"
EndProject
Project("{FAE04EC0-301F-11D3-BF4B-00C04F79EFBC}") = "RelativePanelExample", "RelativePanelExample\RelativePanelExample.csproj", "{1ED4EC69-1FED-40EF-B475-011D7161A66D}"
EndProject
Project("{FAE04EC0-301F-11D3-BF4B-00C04F79EFBC}") = "SplitViewExample", "SplitViewExample\SplitViewExample.csproj", "{21BC4F08-E446-4406-9580-1A3994368C9B}"
EndProject
Project("{FAE04EC0-301F-11D3-BF4B-00C04F79EFBC}") = "HamburgerExample", "HamburgerExample\HamburgerExample.csproj", "{B635FC0D-1440-47BC-9FA6-17400534A4B1}"
EndProject
Project("{FAE04EC0-301F-11D3-BF4B-00C04F79EFBC}") = "HamburgerHeaven", "HamburgerHeaven\HamburgerHeaven.csproj", "{0CA7AE0C-6ED2-4241-8EF2-49607F52FC8D}"
EndProject
Project("{FAE04EC0-301F-11D3-BF4B-00C04F79EFBC}") = "StupendousStylesChallenge", "StupendousStylesChallenge\StupendousStylesChallenge.csproj", "{81196FE5-93D7-4321-A427-F16752204710}"
EndProject
Project("{FAE04EC0-301F-11D3-BF4B-00C04F79EFBC}") = "VisualStateExample", "VisualStateExample\VisualStateExample.csproj", "{BAA92155-4D01-4F9F-AE3B-1C063248605A}"
EndProject
Project("{FAE04EC0-301F-11D3-BF4B-00C04F79EFBC}") = "DeviceSpcificViewExample", "DeviceSpcificViewExample\DeviceSpcificViewExample.csproj", "{F7F6B03E-1587-46E9-9DC3-43827CD6D189}"
EndProject
Project("{FAE04EC0-301F-11D3-BF4B-00C04F79EFBC}") = "DataBindingExampleOld", "DataBindingExampleOld\DataBindingExampleOld.csproj", "{147569BB-E2F4-467C-8B8F-A70DDC8FDE8E}"
EndProject
Project("{FAE04EC0-301F-11D3-BF4B-00C04F79EFBC}") = "DataBindExampleNew", "DataBindExampleNew\DataBindExampleNew.csproj", "{D43F32F5-A84F-4736-BDFE-586F37814679}"
EndProject
Project("{FAE04EC0-301F-11D3-BF4B-00C04F79EFBC}") = "DataBindingHomework", "DataBindingHomework\DataBindingHomework.csproj", "{CBCA0786-08C2-492B-88FD-1E79F7A826EB}"
EndProject
Project("{FAE04EC0-301F-11D3-BF4B-00C04F79EFBC}") = "AdeptlyAdaptiveChallenge", "AdeptlyAdaptiveChallenge\AdeptlyAdaptiveChallenge.csproj", "{81548019-6CD7-46A4-B620-DFE4F1641970}"
EndProject
Global
	GlobalSection(SolutionConfigurationPlatforms) = preSolution
		Debug|ARM = Debug|ARM
		Debug|x64 = Debug|x64
		Debug|x86 = Debug|x86
		Release|ARM = Release|ARM
		Release|x64 = Release|x64
		Release|x86 = Release|x86
	EndGlobalSection
	GlobalSection(ProjectConfigurationPlatforms) = postSolution
		{37F7633E-71A8-4262-8FB1-66BC85C81451}.Debug|ARM.ActiveCfg = Debug|ARM
		{37F7633E-71A8-4262-8FB1-66BC85C81451}.Debug|ARM.Build.0 = Debug|ARM
		{37F7633E-71A8-4262-8FB1-66BC85C81451}.Debug|ARM.Deploy.0 = Debug|ARM
		{37F7633E-71A8-4262-8FB1-66BC85C81451}.Debug|x64.ActiveCfg = Debug|x64
		{37F7633E-71A8-4262-8FB1-66BC85C81451}.Debug|x64.Build.0 = Debug|x64
		{37F7633E-71A8-4262-8FB1-66BC85C81451}.Debug|x64.Deploy.0 = Debug|x64
		{37F7633E-71A8-4262-8FB1-66BC85C81451}.Debug|x86.ActiveCfg = Debug|x86
		{37F7633E-71A8-4262-8FB1-66BC85C81451}.Debug|x86.Build.0 = Debug|x86
		{37F7633E-71A8-4262-8FB1-66BC85C81451}.Debug|x86.Deploy.0 = Debug|x86
		{37F7633E-71A8-4262-8FB1-66BC85C81451}.Release|ARM.ActiveCfg = Release|ARM
		{37F7633E-71A8-4262-8FB1-66BC85C81451}.Release|ARM.Build.0 = Release|ARM
		{37F7633E-71A8-4262-8FB1-66BC85C81451}.Release|ARM.Deploy.0 = Release|ARM
		{37F7633E-71A8-4262-8FB1-66BC85C81451}.Release|x64.ActiveCfg = Release|x64
		{37F7633E-71A8-4262-8FB1-66BC85C81451}.Release|x64.Build.0 = Release|x64
		{37F7633E-71A8-4262-8FB1-66BC85C81451}.Release|x64.Deploy.0 = Release|x64
		{37F7633E-71A8-4262-8FB1-66BC85C81451}.Release|x86.ActiveCfg = Release|x86
		{37F7633E-71A8-4262-8FB1-66BC85C81451}.Release|x86.Build.0 = Release|x86
		{37F7633E-71A8-4262-8FB1-66BC85C81451}.Release|x86.Deploy.0 = Release|x86
		{E75F074E-4607-4307-BE15-887E5915FE67}.Debug|ARM.ActiveCfg = Debug|ARM
		{E75F074E-4607-4307-BE15-887E5915FE67}.Debug|ARM.Build.0 = Debug|ARM
		{E75F074E-4607-4307-BE15-887E5915FE67}.Debug|ARM.Deploy.0 = Debug|ARM
		{E75F074E-4607-4307-BE15-887E5915FE67}.Debug|x64.ActiveCfg = Debug|x64
		{E75F074E-4607-4307-BE15-887E5915FE67}.Debug|x64.Build.0 = Debug|x64
		{E75F074E-4607-4307-BE15-887E5915FE67}.Debug|x64.Deploy.0 = Debug|x64
		{E75F074E-4607-4307-BE15-887E5915FE67}.Debug|x86.ActiveCfg = Debug|x86
		{E75F074E-4607-4307-BE15-887E5915FE67}.Debug|x86.Build.0 = Debug|x86
		{E75F074E-4607-4307-BE15-887E5915FE67}.Debug|x86.Deploy.0 = Debug|x86
		{E75F074E-4607-4307-BE15-887E5915FE67}.Release|ARM.ActiveCfg = Release|ARM
		{E75F074E-4607-4307-BE15-887E5915FE67}.Release|ARM.Build.0 = Release|ARM
		{E75F074E-4607-4307-BE15-887E5915FE67}.Release|ARM.Deploy.0 = Release|ARM
		{E75F074E-4607-4307-BE15-887E5915FE67}.Release|x64.ActiveCfg = Release|x64
		{E75F074E-4607-4307-BE15-887E5915FE67}.Release|x64.Build.0 = Release|x64
		{E75F074E-4607-4307-BE15-887E5915FE67}.Release|x64.Deploy.0 = Release|x64
		{E75F074E-4607-4307-BE15-887E5915FE67}.Release|x86.ActiveCfg = Release|x86
		{E75F074E-4607-4307-BE15-887E5915FE67}.Release|x86.Build.0 = Release|x86
		{E75F074E-4607-4307-BE15-887E5915FE67}.Release|x86.Deploy.0 = Release|x86
		{B6114528-F713-491D-95B7-DCB8D8C10CE4}.Debug|ARM.ActiveCfg = Debug|ARM
		{B6114528-F713-491D-95B7-DCB8D8C10CE4}.Debug|ARM.Build.0 = Debug|ARM
		{B6114528-F713-491D-95B7-DCB8D8C10CE4}.Debug|ARM.Deploy.0 = Debug|ARM
		{B6114528-F713-491D-95B7-DCB8D8C10CE4}.Debug|x64.ActiveCfg = Debug|x64
		{B6114528-F713-491D-95B7-DCB8D8C10CE4}.Debug|x64.Build.0 = Debug|x64
		{B6114528-F713-491D-95B7-DCB8D8C10CE4}.Debug|x64.Deploy.0 = Debug|x64
		{B6114528-F713-491D-95B7-DCB8D8C10CE4}.Debug|x86.ActiveCfg = Debug|x86
		{B6114528-F713-491D-95B7-DCB8D8C10CE4}.Debug|x86.Build.0 = Debug|x86
		{B6114528-F713-491D-95B7-DCB8D8C10CE4}.Debug|x86.Deploy.0 = Debug|x86
		{B6114528-F713-491D-95B7-DCB8D8C10CE4}.Release|ARM.ActiveCfg = Release|ARM
		{B6114528-F713-491D-95B7-DCB8D8C10CE4}.Release|ARM.Build.0 = Release|ARM
		{B6114528-F713-491D-95B7-DCB8D8C10CE4}.Release|ARM.Deploy.0 = Release|ARM
		{B6114528-F713-491D-95B7-DCB8D8C10CE4}.Release|x64.ActiveCfg = Release|x64
		{B6114528-F713-491D-95B7-DCB8D8C10CE4}.Release|x64.Build.0 = Release|x64
		{B6114528-F713-491D-95B7-DCB8D8C10CE4}.Release|x64.Deploy.0 = Release|x64
		{B6114528-F713-491D-95B7-DCB8D8C10CE4}.Release|x86.ActiveCfg = Release|x86
		{B6114528-F713-491D-95B7-DCB8D8C10CE4}.Release|x86.Build.0 = Release|x86
		{B6114528-F713-491D-95B7-DCB8D8C10CE4}.Release|x86.Deploy.0 = Release|x86
		{22FCEC67-BAD3-459E-B3D1-5A71F4C10BEC}.Debug|ARM.ActiveCfg = Debug|ARM
		{22FCEC67-BAD3-459E-B3D1-5A71F4C10BEC}.Debug|ARM.Build.0 = Debug|ARM
		{22FCEC67-BAD3-459E-B3D1-5A71F4C10BEC}.Debug|ARM.Deploy.0 = Debug|ARM
		{22FCEC67-BAD3-459E-B3D1-5A71F4C10BEC}.Debug|x64.ActiveCfg = Debug|x64
		{22FCEC67-BAD3-459E-B3D1-5A71F4C10BEC}.Debug|x64.Build.0 = Debug|x64
		{22FCEC67-BAD3-459E-B3D1-5A71F4C10BEC}.Debug|x64.Deploy.0 = Debug|x64
		{22FCEC67-BAD3-459E-B3D1-5A71F4C10BEC}.Debug|x86.ActiveCfg = Debug|x86
		{22FCEC67-BAD3-459E-B3D1-5A71F4C10BEC}.Debug|x86.Build.0 = Debug|x86
		{22FCEC67-BAD3-459E-B3D1-5A71F4C10BEC}.Debug|x86.Deploy.0 = Debug|x86
		{22FCEC67-BAD3-459E-B3D1-5A71F4C10BEC}.Release|ARM.ActiveCfg = Release|ARM
		{22FCEC67-BAD3-459E-B3D1-5A71F4C10BEC}.Release|ARM.Build.0 = Release|ARM
		{22FCEC67-BAD3-459E-B3D1-5A71F4C10BEC}.Release|ARM.Deploy.0 = Release|ARM
		{22FCEC67-BAD3-459E-B3D1-5A71F4C10BEC}.Release|x64.ActiveCfg = Release|x64
		{22FCEC67-BAD3-459E-B3D1-5A71F4C10BEC}.Release|x64.Build.0 = Release|x64
		{22FCEC67-BAD3-459E-B3D1-5A71F4C10BEC}.Release|x64.Deploy.0 = Release|x64
		{22FCEC67-BAD3-459E-B3D1-5A71F4C10BEC}.Release|x86.ActiveCfg = Release|x86
		{22FCEC67-BAD3-459E-B3D1-5A71F4C10BEC}.Release|x86.Build.0 = Release|x86
		{22FCEC67-BAD3-459E-B3D1-5A71F4C10BEC}.Release|x86.Deploy.0 = Release|x86
		{1ED4EC69-1FED-40EF-B475-011D7161A66D}.Debug|ARM.ActiveCfg = Debug|ARM
		{1ED4EC69-1FED-40EF-B475-011D7161A66D}.Debug|ARM.Build.0 = Debug|ARM
		{1ED4EC69-1FED-40EF-B475-011D7161A66D}.Debug|ARM.Deploy.0 = Debug|ARM
		{1ED4EC69-1FED-40EF-B475-011D7161A66D}.Debug|x64.ActiveCfg = Debug|x64
		{1ED4EC69-1FED-40EF-B475-011D7161A66D}.Debug|x64.Build.0 = Debug|x64
		{1ED4EC69-1FED-40EF-B475-011D7161A66D}.Debug|x64.Deploy.0 = Debug|x64
		{1ED4EC69-1FED-40EF-B475-011D7161A66D}.Debug|x86.ActiveCfg = Debug|x86
		{1ED4EC69-1FED-40EF-B475-011D7161A66D}.Debug|x86.Build.0 = Debug|x86
		{1ED4EC69-1FED-40EF-B475-011D7161A66D}.Debug|x86.Deploy.0 = Debug|x86
		{1ED4EC69-1FED-40EF-B475-011D7161A66D}.Release|ARM.ActiveCfg = Release|ARM
		{1ED4EC69-1FED-40EF-B475-011D7161A66D}.Release|ARM.Build.0 = Release|ARM
		{1ED4EC69-1FED-40EF-B475-011D7161A66D}.Release|ARM.Deploy.0 = Release|ARM
		{1ED4EC69-1FED-40EF-B475-011D7161A66D}.Release|x64.ActiveCfg = Release|x64
		{1ED4EC69-1FED-40EF-B475-011D7161A66D}.Release|x64.Build.0 = Release|x64
		{1ED4EC69-1FED-40EF-B475-011D7161A66D}.Release|x64.Deploy.0 = Release|x64
		{1ED4EC69-1FED-40EF-B475-011D7161A66D}.Release|x86.ActiveCfg = Release|x86
		{1ED4EC69-1FED-40EF-B475-011D7161A66D}.Release|x86.Build.0 = Release|x86
		{1ED4EC69-1FED-40EF-B475-011D7161A66D}.Release|x86.Deploy.0 = Release|x86
		{21BC4F08-E446-4406-9580-1A3994368C9B}.Debug|ARM.ActiveCfg = Debug|ARM
		{21BC4F08-E446-4406-9580-1A3994368C9B}.Debug|ARM.Build.0 = Debug|ARM
		{21BC4F08-E446-4406-9580-1A3994368C9B}.Debug|ARM.Deploy.0 = Debug|ARM
		{21BC4F08-E446-4406-9580-1A3994368C9B}.Debug|x64.ActiveCfg = Debug|x64
		{21BC4F08-E446-4406-9580-1A3994368C9B}.Debug|x64.Build.0 = Debug|x64
		{21BC4F08-E446-4406-9580-1A3994368C9B}.Debug|x64.Deploy.0 = Debug|x64
		{21BC4F08-E446-4406-9580-1A3994368C9B}.Debug|x86.ActiveCfg = Debug|x86
		{21BC4F08-E446-4406-9580-1A3994368C9B}.Debug|x86.Build.0 = Debug|x86
		{21BC4F08-E446-4406-9580-1A3994368C9B}.Debug|x86.Deploy.0 = Debug|x86
		{21BC4F08-E446-4406-9580-1A3994368C9B}.Release|ARM.ActiveCfg = Release|ARM
		{21BC4F08-E446-4406-9580-1A3994368C9B}.Release|ARM.Build.0 = Release|ARM
		{21BC4F08-E446-4406-9580-1A3994368C9B}.Release|ARM.Deploy.0 = Release|ARM
		{21BC4F08-E446-4406-9580-1A3994368C9B}.Release|x64.ActiveCfg = Release|x64
		{21BC4F08-E446-4406-9580-1A3994368C9B}.Release|x64.Build.0 = Release|x64
		{21BC4F08-E446-4406-9580-1A3994368C9B}.Release|x64.Deploy.0 = Release|x64
		{21BC4F08-E446-4406-9580-1A3994368C9B}.Release|x86.ActiveCfg = Release|x86
		{21BC4F08-E446-4406-9580-1A3994368C9B}.Release|x86.Build.0 = Release|x86
		{21BC4F08-E446-4406-9580-1A3994368C9B}.Release|x86.Deploy.0 = Release|x86
		{B635FC0D-1440-47BC-9FA6-17400534A4B1}.Debug|ARM.ActiveCfg = Debug|ARM
		{B635FC0D-1440-47BC-9FA6-17400534A4B1}.Debug|ARM.Build.0 = Debug|ARM
		{B635FC0D-1440-47BC-9FA6-17400534A4B1}.Debug|ARM.Deploy.0 = Debug|ARM
		{B635FC0D-1440-47BC-9FA6-17400534A4B1}.Debug|x64.ActiveCfg = Debug|x64
		{B635FC0D-1440-47BC-9FA6-17400534A4B1}.Debug|x64.Build.0 = Debug|x64
		{B635FC0D-1440-47BC-9FA6-17400534A4B1}.Debug|x64.Deploy.0 = Debug|x64
		{B635FC0D-1440-47BC-9FA6-17400534A4B1}.Debug|x86.ActiveCfg = Debug|x86
		{B635FC0D-1440-47BC-9FA6-17400534A4B1}.Debug|x86.Build.0 = Debug|x86
		{B635FC0D-1440-47BC-9FA6-17400534A4B1}.Debug|x86.Deploy.0 = Debug|x86
		{B635FC0D-1440-47BC-9FA6-17400534A4B1}.Release|ARM.ActiveCfg = Release|ARM
		{B635FC0D-1440-47BC-9FA6-17400534A4B1}.Release|ARM.Build.0 = Release|ARM
		{B635FC0D-1440-47BC-9FA6-17400534A4B1}.Release|ARM.Deploy.0 = Release|ARM
		{B635FC0D-1440-47BC-9FA6-17400534A4B1}.Release|x64.ActiveCfg = Release|x64
		{B635FC0D-1440-47BC-9FA6-17400534A4B1}.Release|x64.Build.0 = Release|x64
		{B635FC0D-1440-47BC-9FA6-17400534A4B1}.Release|x64.Deploy.0 = Release|x64
		{B635FC0D-1440-47BC-9FA6-17400534A4B1}.Release|x86.ActiveCfg = Release|x86
		{B635FC0D-1440-47BC-9FA6-17400534A4B1}.Release|x86.Build.0 = Release|x86
		{B635FC0D-1440-47BC-9FA6-17400534A4B1}.Release|x86.Deploy.0 = Release|x86
		{0CA7AE0C-6ED2-4241-8EF2-49607F52FC8D}.Debug|ARM.ActiveCfg = Debug|ARM
		{0CA7AE0C-6ED2-4241-8EF2-49607F52FC8D}.Debug|ARM.Build.0 = Debug|ARM
		{0CA7AE0C-6ED2-4241-8EF2-49607F52FC8D}.Debug|ARM.Deploy.0 = Debug|ARM
		{0CA7AE0C-6ED2-4241-8EF2-49607F52FC8D}.Debug|x64.ActiveCfg = Debug|x64
		{0CA7AE0C-6ED2-4241-8EF2-49607F52FC8D}.Debug|x64.Build.0 = Debug|x64
		{0CA7AE0C-6ED2-4241-8EF2-49607F52FC8D}.Debug|x64.Deploy.0 = Debug|x64
		{0CA7AE0C-6ED2-4241-8EF2-49607F52FC8D}.Debug|x86.ActiveCfg = Debug|x86
		{0CA7AE0C-6ED2-4241-8EF2-49607F52FC8D}.Debug|x86.Build.0 = Debug|x86
		{0CA7AE0C-6ED2-4241-8EF2-49607F52FC8D}.Debug|x86.Deploy.0 = Debug|x86
		{0CA7AE0C-6ED2-4241-8EF2-49607F52FC8D}.Release|ARM.ActiveCfg = Release|ARM
		{0CA7AE0C-6ED2-4241-8EF2-49607F52FC8D}.Release|ARM.Build.0 = Release|ARM
		{0CA7AE0C-6ED2-4241-8EF2-49607F52FC8D}.Release|ARM.Deploy.0 = Release|ARM
		{0CA7AE0C-6ED2-4241-8EF2-49607F52FC8D}.Release|x64.ActiveCfg = Release|x64
		{0CA7AE0C-6ED2-4241-8EF2-49607F52FC8D}.Release|x64.Build.0 = Release|x64
		{0CA7AE0C-6ED2-4241-8EF2-49607F52FC8D}.Release|x64.Deploy.0 = Release|x64
		{0CA7AE0C-6ED2-4241-8EF2-49607F52FC8D}.Release|x86.ActiveCfg = Release|x86
		{0CA7AE0C-6ED2-4241-8EF2-49607F52FC8D}.Release|x86.Build.0 = Release|x86
		{0CA7AE0C-6ED2-4241-8EF2-49607F52FC8D}.Release|x86.Deploy.0 = Release|x86
		{81196FE5-93D7-4321-A427-F16752204710}.Debug|ARM.ActiveCfg = Debug|ARM
		{81196FE5-93D7-4321-A427-F16752204710}.Debug|ARM.Build.0 = Debug|ARM
		{81196FE5-93D7-4321-A427-F16752204710}.Debug|ARM.Deploy.0 = Debug|ARM
		{81196FE5-93D7-4321-A427-F16752204710}.Debug|x64.ActiveCfg = Debug|x64
		{81196FE5-93D7-4321-A427-F16752204710}.Debug|x64.Build.0 = Debug|x64
		{81196FE5-93D7-4321-A427-F16752204710}.Debug|x64.Deploy.0 = Debug|x64
		{81196FE5-93D7-4321-A427-F16752204710}.Debug|x86.ActiveCfg = Debug|x86
		{81196FE5-93D7-4321-A427-F16752204710}.Debug|x86.Build.0 = Debug|x86
		{81196FE5-93D7-4321-A427-F16752204710}.Debug|x86.Deploy.0 = Debug|x86
		{81196FE5-93D7-4321-A427-F16752204710}.Release|ARM.ActiveCfg = Release|ARM
		{81196FE5-93D7-4321-A427-F16752204710}.Release|ARM.Build.0 = Release|ARM
		{81196FE5-93D7-4321-A427-F16752204710}.Release|ARM.Deploy.0 = Release|ARM
		{81196FE5-93D7-4321-A427-F16752204710}.Release|x64.ActiveCfg = Release|x64
		{81196FE5-93D7-4321-A427-F16752204710}.Release|x64.Build.0 = Release|x64
		{81196FE5-93D7-4321-A427-F16752204710}.Release|x64.Deploy.0 = Release|x64
		{81196FE5-93D7-4321-A427-F16752204710}.Release|x86.ActiveCfg = Release|x86
		{81196FE5-93D7-4321-A427-F16752204710}.Release|x86.Build.0 = Release|x86
		{81196FE5-93D7-4321-A427-F16752204710}.Release|x86.Deploy.0 = Release|x86
		{BAA92155-4D01-4F9F-AE3B-1C063248605A}.Debug|ARM.ActiveCfg = Debug|ARM
		{BAA92155-4D01-4F9F-AE3B-1C063248605A}.Debug|ARM.Build.0 = Debug|ARM
		{BAA92155-4D01-4F9F-AE3B-1C063248605A}.Debug|ARM.Deploy.0 = Debug|ARM
		{BAA92155-4D01-4F9F-AE3B-1C063248605A}.Debug|x64.ActiveCfg = Debug|x64
		{BAA92155-4D01-4F9F-AE3B-1C063248605A}.Debug|x64.Build.0 = Debug|x64
		{BAA92155-4D01-4F9F-AE3B-1C063248605A}.Debug|x64.Deploy.0 = Debug|x64
		{BAA92155-4D01-4F9F-AE3B-1C063248605A}.Debug|x86.ActiveCfg = Debug|x86
		{BAA92155-4D01-4F9F-AE3B-1C063248605A}.Debug|x86.Build.0 = Debug|x86
		{BAA92155-4D01-4F9F-AE3B-1C063248605A}.Debug|x86.Deploy.0 = Debug|x86
		{BAA92155-4D01-4F9F-AE3B-1C063248605A}.Release|ARM.ActiveCfg = Release|ARM
		{BAA92155-4D01-4F9F-AE3B-1C063248605A}.Release|ARM.Build.0 = Release|ARM
		{BAA92155-4D01-4F9F-AE3B-1C063248605A}.Release|ARM.Deploy.0 = Release|ARM
		{BAA92155-4D01-4F9F-AE3B-1C063248605A}.Release|x64.ActiveCfg = Release|x64
		{BAA92155-4D01-4F9F-AE3B-1C063248605A}.Release|x64.Build.0 = Release|x64
		{BAA92155-4D01-4F9F-AE3B-1C063248605A}.Release|x64.Deploy.0 = Release|x64
		{BAA92155-4D01-4F9F-AE3B-1C063248605A}.Release|x86.ActiveCfg = Release|x86
		{BAA92155-4D01-4F9F-AE3B-1C063248605A}.Release|x86.Build.0 = Release|x86
		{BAA92155-4D01-4F9F-AE3B-1C063248605A}.Release|x86.Deploy.0 = Release|x86
		{F7F6B03E-1587-46E9-9DC3-43827CD6D189}.Debug|ARM.ActiveCfg = Debug|ARM
		{F7F6B03E-1587-46E9-9DC3-43827CD6D189}.Debug|ARM.Build.0 = Debug|ARM
		{F7F6B03E-1587-46E9-9DC3-43827CD6D189}.Debug|ARM.Deploy.0 = Debug|ARM
		{F7F6B03E-1587-46E9-9DC3-43827CD6D189}.Debug|x64.ActiveCfg = Debug|x64
		{F7F6B03E-1587-46E9-9DC3-43827CD6D189}.Debug|x64.Build.0 = Debug|x64
		{F7F6B03E-1587-46E9-9DC3-43827CD6D189}.Debug|x64.Deploy.0 = Debug|x64
		{F7F6B03E-1587-46E9-9DC3-43827CD6D189}.Debug|x86.ActiveCfg = Debug|x86
		{F7F6B03E-1587-46E9-9DC3-43827CD6D189}.Debug|x86.Build.0 = Debug|x86
		{F7F6B03E-1587-46E9-9DC3-43827CD6D189}.Debug|x86.Deploy.0 = Debug|x86
		{F7F6B03E-1587-46E9-9DC3-43827CD6D189}.Release|ARM.ActiveCfg = Release|ARM
		{F7F6B03E-1587-46E9-9DC3-43827CD6D189}.Release|ARM.Build.0 = Release|ARM
		{F7F6B03E-1587-46E9-9DC3-43827CD6D189}.Release|ARM.Deploy.0 = Release|ARM
		{F7F6B03E-1587-46E9-9DC3-43827CD6D189}.Release|x64.ActiveCfg = Release|x64
		{F7F6B03E-1587-46E9-9DC3-43827CD6D189}.Release|x64.Build.0 = Release|x64
		{F7F6B03E-1587-46E9-9DC3-43827CD6D189}.Release|x64.Deploy.0 = Release|x64
		{F7F6B03E-1587-46E9-9DC3-43827CD6D189}.Release|x86.ActiveCfg = Release|x86
		{F7F6B03E-1587-46E9-9DC3-43827CD6D189}.Release|x86.Build.0 = Release|x86
		{F7F6B03E-1587-46E9-9DC3-43827CD6D189}.Release|x86.Deploy.0 = Release|x86
		{147569BB-E2F4-467C-8B8F-A70DDC8FDE8E}.Debug|ARM.ActiveCfg = Debug|ARM
		{147569BB-E2F4-467C-8B8F-A70DDC8FDE8E}.Debug|ARM.Build.0 = Debug|ARM
		{147569BB-E2F4-467C-8B8F-A70DDC8FDE8E}.Debug|ARM.Deploy.0 = Debug|ARM
		{147569BB-E2F4-467C-8B8F-A70DDC8FDE8E}.Debug|x64.ActiveCfg = Debug|x64
		{147569BB-E2F4-467C-8B8F-A70DDC8FDE8E}.Debug|x64.Build.0 = Debug|x64
		{147569BB-E2F4-467C-8B8F-A70DDC8FDE8E}.Debug|x64.Deploy.0 = Debug|x64
		{147569BB-E2F4-467C-8B8F-A70DDC8FDE8E}.Debug|x86.ActiveCfg = Debug|x86
		{147569BB-E2F4-467C-8B8F-A70DDC8FDE8E}.Debug|x86.Build.0 = Debug|x86
		{147569BB-E2F4-467C-8B8F-A70DDC8FDE8E}.Debug|x86.Deploy.0 = Debug|x86
		{147569BB-E2F4-467C-8B8F-A70DDC8FDE8E}.Release|ARM.ActiveCfg = Release|ARM
		{147569BB-E2F4-467C-8B8F-A70DDC8FDE8E}.Release|ARM.Build.0 = Release|ARM
		{147569BB-E2F4-467C-8B8F-A70DDC8FDE8E}.Release|ARM.Deploy.0 = Release|ARM
		{147569BB-E2F4-467C-8B8F-A70DDC8FDE8E}.Release|x64.ActiveCfg = Release|x64
		{147569BB-E2F4-467C-8B8F-A70DDC8FDE8E}.Release|x64.Build.0 = Release|x64
		{147569BB-E2F4-467C-8B8F-A70DDC8FDE8E}.Release|x64.Deploy.0 = Release|x64
		{147569BB-E2F4-467C-8B8F-A70DDC8FDE8E}.Release|x86.ActiveCfg = Release|x86
		{147569BB-E2F4-467C-8B8F-A70DDC8FDE8E}.Release|x86.Build.0 = Release|x86
		{147569BB-E2F4-467C-8B8F-A70DDC8FDE8E}.Release|x86.Deploy.0 = Release|x86
		{D43F32F5-A84F-4736-BDFE-586F37814679}.Debug|ARM.ActiveCfg = Debug|ARM
		{D43F32F5-A84F-4736-BDFE-586F37814679}.Debug|ARM.Build.0 = Debug|ARM
		{D43F32F5-A84F-4736-BDFE-586F37814679}.Debug|ARM.Deploy.0 = Debug|ARM
		{D43F32F5-A84F-4736-BDFE-586F37814679}.Debug|x64.ActiveCfg = Debug|x64
		{D43F32F5-A84F-4736-BDFE-586F37814679}.Debug|x64.Build.0 = Debug|x64
		{D43F32F5-A84F-4736-BDFE-586F37814679}.Debug|x64.Deploy.0 = Debug|x64
		{D43F32F5-A84F-4736-BDFE-586F37814679}.Debug|x86.ActiveCfg = Debug|x86
		{D43F32F5-A84F-4736-BDFE-586F37814679}.Debug|x86.Build.0 = Debug|x86
		{D43F32F5-A84F-4736-BDFE-586F37814679}.Debug|x86.Deploy.0 = Debug|x86
		{D43F32F5-A84F-4736-BDFE-586F37814679}.Release|ARM.ActiveCfg = Release|ARM
		{D43F32F5-A84F-4736-BDFE-586F37814679}.Release|ARM.Build.0 = Release|ARM
		{D43F32F5-A84F-4736-BDFE-586F37814679}.Release|ARM.Deploy.0 = Release|ARM
		{D43F32F5-A84F-4736-BDFE-586F37814679}.Release|x64.ActiveCfg = Release|x64
		{D43F32F5-A84F-4736-BDFE-586F37814679}.Release|x64.Build.0 = Release|x64
		{D43F32F5-A84F-4736-BDFE-586F37814679}.Release|x64.Deploy.0 = Release|x64
		{D43F32F5-A84F-4736-BDFE-586F37814679}.Release|x86.ActiveCfg = Release|x86
		{D43F32F5-A84F-4736-BDFE-586F37814679}.Release|x86.Build.0 = Release|x86
		{D43F32F5-A84F-4736-BDFE-586F37814679}.Release|x86.Deploy.0 = Release|x86
		{CBCA0786-08C2-492B-88FD-1E79F7A826EB}.Debug|ARM.ActiveCfg = Debug|ARM
		{CBCA0786-08C2-492B-88FD-1E79F7A826EB}.Debug|ARM.Build.0 = Debug|ARM
		{CBCA0786-08C2-492B-88FD-1E79F7A826EB}.Debug|ARM.Deploy.0 = Debug|ARM
		{CBCA0786-08C2-492B-88FD-1E79F7A826EB}.Debug|x64.ActiveCfg = Debug|x64
		{CBCA0786-08C2-492B-88FD-1E79F7A826EB}.Debug|x64.Build.0 = Debug|x64
		{CBCA0786-08C2-492B-88FD-1E79F7A826EB}.Debug|x64.Deploy.0 = Debug|x64
		{CBCA0786-08C2-492B-88FD-1E79F7A826EB}.Debug|x86.ActiveCfg = Debug|x86
		{CBCA0786-08C2-492B-88FD-1E79F7A826EB}.Debug|x86.Build.0 = Debug|x86
		{CBCA0786-08C2-492B-88FD-1E79F7A826EB}.Debug|x86.Deploy.0 = Debug|x86
		{CBCA0786-08C2-492B-88FD-1E79F7A826EB}.Release|ARM.ActiveCfg = Release|ARM
		{CBCA0786-08C2-492B-88FD-1E79F7A826EB}.Release|ARM.Build.0 = Release|ARM
		{CBCA0786-08C2-492B-88FD-1E79F7A826EB}.Release|ARM.Deploy.0 = Release|ARM
		{CBCA0786-08C2-492B-88FD-1E79F7A826EB}.Release|x64.ActiveCfg = Release|x64
		{CBCA0786-08C2-492B-88FD-1E79F7A826EB}.Release|x64.Build.0 = Release|x64
		{CBCA0786-08C2-492B-88FD-1E79F7A826EB}.Release|x64.Deploy.0 = Release|x64
		{CBCA0786-08C2-492B-88FD-1E79F7A826EB}.Release|x86.ActiveCfg = Release|x86
		{CBCA0786-08C2-492B-88FD-1E79F7A826EB}.Release|x86.Build.0 = Release|x86
		{CBCA0786-08C2-492B-88FD-1E79F7A826EB}.Release|x86.Deploy.0 = Release|x86
		{81548019-6CD7-46A4-B620-DFE4F1641970}.Debug|ARM.ActiveCfg = Debug|ARM
		{81548019-6CD7-46A4-B620-DFE4F1641970}.Debug|ARM.Build.0 = Debug|ARM
		{81548019-6CD7-46A4-B620-DFE4F1641970}.Debug|ARM.Deploy.0 = Debug|ARM
		{81548019-6CD7-46A4-B620-DFE4F1641970}.Debug|x64.ActiveCfg = Debug|x64
		{81548019-6CD7-46A4-B620-DFE4F1641970}.Debug|x64.Build.0 = Debug|x64
		{81548019-6CD7-46A4-B620-DFE4F1641970}.Debug|x64.Deploy.0 = Debug|x64
		{81548019-6CD7-46A4-B620-DFE4F1641970}.Debug|x86.ActiveCfg = Debug|x86
		{81548019-6CD7-46A4-B620-DFE4F1641970}.Debug|x86.Build.0 = Debug|x86
		{81548019-6CD7-46A4-B620-DFE4F1641970}.Debug|x86.Deploy.0 = Debug|x86
		{81548019-6CD7-46A4-B620-DFE4F1641970}.Release|ARM.ActiveCfg = Release|ARM
		{81548019-6CD7-46A4-B620-DFE4F1641970}.Release|ARM.Build.0 = Release|ARM
		{81548019-6CD7-46A4-B620-DFE4F1641970}.Release|ARM.Deploy.0 = Release|ARM
		{81548019-6CD7-46A4-B620-DFE4F1641970}.Release|x64.ActiveCfg = Release|x64
		{81548019-6CD7-46A4-B620-DFE4F1641970}.Release|x64.Build.0 = Release|x64
		{81548019-6CD7-46A4-B620-DFE4F1641970}.Release|x64.Deploy.0 = Release|x64
		{81548019-6CD7-46A4-B620-DFE4F1641970}.Release|x86.ActiveCfg = Release|x86
		{81548019-6CD7-46A4-B620-DFE4F1641970}.Release|x86.Build.0 = Release|x86
		{81548019-6CD7-46A4-B620-DFE4F1641970}.Release|x86.Deploy.0 = Release|x86
	EndGlobalSection
	GlobalSection(SolutionProperties) = preSolution
		HideSolutionNode = FALSE
	EndGlobalSection
EndGlobal
